{
  "name": "static",
  "lockfileVersion": 3,
  "requires": true,
  "packages": {
    "": {
      "dependencies": {
        "@govbr-ds/core": "^3.4.0"
      }
    },
    "node_modules/@govbr-ds/core": {
      "version": "3.4.0",
      "resolved": "https://registry.npmjs.org/@govbr-ds/core/-/core-3.4.0.tgz",
      "integrity": "sha512-SQQrJyRFXnFfbEOKZ2imFytgdw9dHLraOEocIHs5ZZm2YpX4Erqt1/eTyMmgE0elc9U16dqb6/zIVmwUpDMzAQ==",
      "dependencies": {
        "@popperjs/core": "^2.9.2",
        "flatpickr": "^4.6.9"
      },
      "engines": {
        "node": ">= 14.15.4",
        "npm": ">= 6.14.11",
        "yarn": ">= 1.22.5"
      }
    },
    "node_modules/@popperjs/core": {
      "version": "2.11.8",
      "resolved": "https://registry.npmjs.org/@popperjs/core/-/core-2.11.8.tgz",
      "integrity": "sha512-P1st0aksCrn9sGZhp8GMYwBnQsbvAWsZAX44oXNNvLHGqAOcoVxmjZiohstwQ7SqKnbR47akdNi+uleWD8+g6A==",
      "funding": {
        "type": "opencollective",
        "url": "https://opencollective.com/popperjs"
      }
    },
    "node_modules/flatpickr": {
      "version": "4.6.13",
      "resolved": "https://registry.npmjs.org/flatpickr/-/flatpickr-4.6.13.tgz",
      "integrity": "sha512-97PMG/aywoYpB4IvbvUJi0RQi8vearvU0oov1WW3k0WZPBMrTQVqekSX5CjSG/M4Q3i6A/0FKXC7RyAoAUUSPw=="
    }
  }
}
